
Microsoft Visual Studio Solution File, Format Version 12.00
# Visual Studio Version 17
VisualStudioVersion = 17.10.35004.147
MinimumVisualStudioVersion = 10.0.40219.1
Project("{FAE04EC0-301F-11D3-BF4B-00C04F79EFBC}") = "BLOOD_BANK_MANAGEMENT_SYSTEM", "BLOOD_BANK_MANAGEMENT_SYSTEM.csproj", "{4EB117A1-8685-4A6B-BBD0-0EA88E0FDA3D}"
EndProject
Global
	GlobalSection(SolutionConfigurationPlatforms) = preSolution
		Debug|Any CPU = Debug|Any CPU
		Release|Any CPU = Release|Any CPU
	EndGlobalSection
	GlobalSection(ProjectConfigurationPlatforms) = postSolution
		{4EB117A1-8685-4A6B-BBD0-0EA88E0FDA3D}.Debug|Any CPU.ActiveCfg = Debug|Any CPU
		{4EB117A1-8685-4A6B-BBD0-0EA88E0FDA3D}.Debug|Any CPU.Build.0 = Debug|Any CPU
		{4EB117A1-8685-4A6B-BBD0-0EA88E0FDA3D}.Release|Any CPU.ActiveCfg = Release|Any CPU
		{4EB117A1-8685-4A6B-BBD0-0EA88E0FDA3D}.Release|Any CPU.Build.0 = Release|Any CPU
	EndGlobalSection
	GlobalSection(SolutionProperties) = preSolution
		HideSolutionNode = FALSE
	EndGlobalSection
	GlobalSection(ExtensibilityGlobals) = postSolution
		SolutionGuid = {28423E0F-C07B-48B3-A845-D595416B49EF}
	EndGlobalSection
EndGlobal
